{
  "version": "4",
  "remote": {
    "https://cdn.skypack.dev/-/eventemitter3@v5.0.1-LAQzZPh0438kuOiS9B7X/dist=es2019,mode=imports/optimized/eventemitter3.js": "7ae4358c6c0630d94066f984311ba6c644f83307643e7da66e91e8360d8e74c9",
    "https://cdn.skypack.dev/eventemitter3": "c4d2f62f5c80204c864d44a7f731c7e218d22afbfb6adce43c43da09c5c2e810"
  },
  "workspace": {
    "packageJson": {
      "dependencies": [
        "npm:@cloudflare/vitest-pool-workers@~0.5.2",
        "npm:vitest@2.1.8",
        "npm:wrangler@^3.60.3"
      ]
    }
  }
}
